// !$*UTF8*$!
{
	archiveVersion = 1;
	classes = {
	};
	objectVersion = 50;
	objects = {

/* Begin PBXBuildFile section */
		F08E0E0126CD74CD00D2ED79 /* FunctionType.swift in Sources */ = {isa = PBXBuildFile; fileRef = F08E0E0026CD74CD00D2ED79 /* FunctionType.swift */; };
		F0E25FFE26CC27680075E536 /* main.swift in Sources */ = {isa = PBXBuildFile; fileRef = F0E25FFD26CC27680075E536 /* main.swift */; };
		F0E2600826CC49120075E536 /* Operator.swift in Sources */ = {isa = PBXBuildFile; fileRef = F0E2600726CC49120075E536 /* Operator.swift */; };
		F0E2600B26CC4CEA0075E536 /* CollectionType.swift in Sources */ = {isa = PBXBuildFile; fileRef = F0E2600A26CC4CEA0075E536 /* CollectionType.swift */; };
		F0E2600E26CC55D80075E536 /* ControlFlow.swift in Sources */ = {isa = PBXBuildFile; fileRef = F0E2600D26CC55D80075E536 /* ControlFlow.swift */; };
/* End PBXBuildFile section */

/* Begin PBXCopyFilesBuildPhase section */
		F0E25FF826CC27680075E536 /* CopyFiles */ = {
			isa = PBXCopyFilesBuildPhase;
			buildActionMask = 2147483647;
			dstPath = /usr/share/man/man1/;
			dstSubfolderSpec = 0;
			files = (
			);
			runOnlyForDeploymentPostprocessing = 1;
		};
/* End PBXCopyFilesBuildPhase section */

/* Begin PBXFileReference section */
		F08E0E0026CD74CD00D2ED79 /* FunctionType.swift */ = {isa = PBXFileReference; lastKnownFileType = sourcecode.swift; path = FunctionType.swift; sourceTree = "<group>"; };
		F0E25FFA26CC27680075E536 /* Swift Basics */ = {isa = PBXFileReference; explicitFileType = "compiled.mach-o.executable"; includeInIndex = 0; path = "Swift Basics"; sourceTree = BUILT_PRODUCTS_DIR; };
		F0E25FFD26CC27680075E536 /* main.swift */ = {isa = PBXFileReference; lastKnownFileType = sourcecode.swift; path = main.swift; sourceTree = "<group>"; };
		F0E2600726CC49120075E536 /* Operator.swift */ = {isa = PBXFileReference; lastKnownFileType = sourcecode.swift; path = Operator.swift; sourceTree = "<group>"; };
		F0E2600A26CC4CEA0075E536 /* CollectionType.swift */ = {isa = PBXFileReference; lastKnownFileType = sourcecode.swift; path = CollectionType.swift; sourceTree = "<group>"; };
		F0E2600D26CC55D80075E536 /* ControlFlow.swift */ = {isa = PBXFileReference; lastKnownFileType = sourcecode.swift; path = ControlFlow.swift; sourceTree = "<group>"; };
/* End PBXFileReference section */

/* Begin PBXFrameworksBuildPhase section */
		F0E25FF726CC27680075E536 /* Frameworks */ = {
			isa = PBXFrameworksBuildPhase;
			buildActionMask = 2147483647;
			files = (
			);
			runOnlyForDeploymentPostprocessing = 0;
		};
/* End PBXFrameworksBuildPhase section */

/* Begin PBXGroup section */
		F0E25FF126CC27680075E536 = {
			isa = PBXGroup;
			children = (
				F0E25FFC26CC27680075E536 /* Swift Basics */,
				F0E25FFB26CC27680075E536 /* Products */,
			);
			sourceTree = "<group>";
		};
		F0E25FFB26CC27680075E536 /* Products */ = {
			isa = PBXGroup;
			children = (
				F0E25FFA26CC27680075E536 /* Swift Basics */,
			);
			name = Products;
			sourceTree = "<group>";
		};
		F0E25FFC26CC27680075E536 /* Swift Basics */ = {
			isa = PBXGroup;
			children = (
				F0E25FFD26CC27680075E536 /* main.swift */,
				F0E2600726CC49120075E536 /* Operator.swift */,
				F0E2600A26CC4CEA0075E536 /* CollectionType.swift */,
				F0E2600D26CC55D80075E536 /* ControlFlow.swift */,
				F08E0E0026CD74CD00D2ED79 /* FunctionType.swift */,
			);
			path = "Swift Basics";
			sourceTree = "<group>";
		};
/* End PBXGroup section */

/* Begin PBXNativeTarget section */
		F0E25FF926CC27680075E536 /* Swift Basics */ = {
			isa = PBXNativeTarget;
			buildConfigurationList = F0E2600126CC27680075E536 /* Build configuration list for PBXNativeTarget "Swift Basics" */;
			buildPhases = (
				F0E25FF626CC27680075E536 /* Sources */,
				F0E25FF726CC27680075E536 /* Frameworks */,
				F0E25FF826CC27680075E536 /* CopyFiles */,
			);
			buildRules = (
			);
			dependencies = (
			);
			name = "Swift Basics";
			productName = "Swift Basics";
			productReference = F0E25FFA26CC27680075E536 /* Swift Basics */;
			productType = "com.apple.product-type.tool";
		};
/* End PBXNativeTarget section */

/* Begin PBXProject section */
		F0E25FF226CC27680075E536 /* Project object */ = {
			isa = PBXProject;
			attributes = {
				LastSwiftUpdateCheck = 1240;
				LastUpgradeCheck = 1240;
				TargetAttributes = {
					F0E25FF926CC27680075E536 = {
						CreatedOnToolsVersion = 12.4;
					};
				};
			};
			buildConfigurationList = F0E25FF526CC27680075E536 /* Build configuration list for PBXProject "Swift Basics" */;
			compatibilityVersion = "Xcode 9.3";
			developmentRegion = en;
			hasScannedForEncodings = 0;
			knownRegions = (
				en,
				Base,
			);
			mainGroup = F0E25FF126CC27680075E536;
			productRefGroup = F0E25FFB26CC27680075E536 /* Products */;
			projectDirPath = "";
			projectRoot = "";
			targets = (
				F0E25FF926CC27680075E536 /* Swift Basics */,
			);
		};
/* End PBXProject section */

/* Begin PBXSourcesBuildPhase section */
		F0E25FF626CC27680075E536 /* Sources */ = {
			isa = PBXSourcesBuildPhase;
			buildActionMask = 2147483647;
			files = (
				F08E0E0126CD74CD00D2ED79 /* FunctionType.swift in Sources */,
				F0E25FFE26CC27680075E536 /* main.swift in Sources */,
				F0E2600E26CC55D80075E536 /* ControlFlow.swift in Sources */,
				F0E2600826CC49120075E536 /* Operator.swift in Sources */,
				F0E2600B26CC4CEA0075E536 /* CollectionType.swift in Sources */,
			);
			runOnlyForDeploymentPostprocessing = 0;
		};
/* End PBXSourcesBuildPhase section */

/* Begin XCBuildConfiguration section */
		F0E25FFF26CC27680075E536 /* Debug */ = {
			isa = XCBuildConfiguration;
			buildSettings = {
				ALWAYS_SEARCH_USER_PATHS = NO;
				CLANG_ANALYZER_NONNULL = YES;
				CLANG_ANALYZER_NUMBER_OBJECT_CONVERSION = YES_AGGRESSIVE;
				CLANG_CXX_LANGUAGE_STANDARD = "gnu++14";
				CLANG_CXX_LIBRARY = "libc++";
				CLANG_ENABLE_MODULES = YES;
				CLANG_ENABLE_OBJC_ARC = YES;
				CLANG_ENABLE_OBJC_WEAK = YES;
				CLANG_WARN_BLOCK_CAPTURE_AUTORELEASING = YES;
				CLANG_WARN_BOOL_CONVERSION = YES;
				CLANG_WARN_COMMA = YES;
				CLANG_WARN_CONSTANT_CONVERSION = YES;
				CLANG_WARN_DEPRECATED_OBJC_IMPLEMENTATIONS = YES;
				CLANG_WARN_DIRECT_OBJC_ISA_USAGE = YES_ERROR;
				CLANG_WARN_DOCUMENTATION_COMMENTS = YES;
				CLANG_WARN_EMPTY_BODY = YES;
				CLANG_WARN_ENUM_CONVERSION = YES;
				CLANG_WARN_INFINITE_RECURSION = YES;
				CLANG_WARN_INT_CONVERSION = YES;
				CLANG_WARN_NON_LITERAL_NULL_CONVERSION = YES;
				CLANG_WARN_OBJC_IMPLICIT_RETAIN_SELF = YES;
				CLANG_WARN_OBJC_LITERAL_CONVERSION = YES;
				CLANG_WARN_OBJC_ROOT_CLASS = YES_ERROR;
				CLANG_WARN_QUOTED_INCLUDE_IN_FRAMEWORK_HEADER = YES;
				CLANG_WARN_RANGE_LOOP_ANALYSIS = YES;
				CLANG_WARN_STRICT_PROTOTYPES = YES;
				CLANG_WARN_SUSPICIOUS_MOVE = YES;
				CLANG_WARN_UNGUARDED_AVAILABILITY = YES_AGGRESSIVE;
				CLANG_WARN_UNREACHABLE_CODE = YES;
				CLANG_WARN__DUPLICATE_METHOD_MATCH = YES;
				COPY_PHASE_STRIP = NO;
				DEBUG_INFORMATION_FORMAT = dwarf;
				ENABLE_STRICT_OBJC_MSGSEND = YES;
				ENABLE_TESTABILITY = YES;
				GCC_C_LANGUAGE_STANDARD = gnu11;
				GCC_DYNAMIC_NO_PIC = NO;
				GCC_NO_COMMON_BLOCKS = YES;
				GCC_OPTIMIZATION_LEVEL = 0;
				GCC_PREPROCESSOR_DEFINITIONS = (
					"DEBUG=1",
					"$(inherited)",
				);
				GCC_WARN_64_TO_32_BIT_CONVERSION = YES;
				GCC_WARN_ABOUT_RETURN_TYPE = YES_ERROR;
				GCC_WARN_UNDECLARED_SELECTOR = YES;
				GCC_WARN_UNINITIALIZED_AUTOS = YES_AGGRESSIVE;
				GCC_WARN_UNUSED_FUNCTION = YES;
				GCC_WARN_UNUSED_VARIABLE = YES;
				MACOSX_DEPLOYMENT_TARGET = 11.1;
				MTL_ENABLE_DEBUG_INFO = INCLUDE_SOURCE;
				MTL_FAST_MATH = YES;
				ONLY_ACTIVE_ARCH = YES;
				SDKROOT = macosx;
				SWIFT_ACTIVE_COMPILATION_CONDITIONS = DEBUG;
				SWIFT_OPTIMIZATION_LEVEL = "-Onone";
			};
			name = Debug;
		};
		F0E2600026CC27680075E536 /* Release */ = {
			isa = XCBuildConfiguration;
			buildSettings = {
				ALWAYS_SEARCH_USER_PATHS = NO;
				CLANG_ANALYZER_NONNULL = YES;
				CLANG_ANALYZER_NUMBER_OBJECT_CONVERSION = YES_AGGRESSIVE;
				CLANG_CXX_LANGUAGE_STANDARD = "gnu++14";
				CLANG_CXX_LIBRARY = "libc++";
				CLANG_ENABLE_MODULES = YES;
				CLANG_ENABLE_OBJC_ARC = YES;
				CLANG_ENABLE_OBJC_WEAK = YES;
				CLANG_WARN_BLOCK_CAPTURE_AUTORELEASING = YES;
				CLANG_WARN_BOOL_CONVERSION = YES;
				CLANG_WARN_COMMA = YES;
				CLANG_WARN_CONSTANT_CONVERSION = YES;
				CLANG_WARN_DEPRECATED_OBJC_IMPLEMENTATIONS = YES;
				CLANG_WARN_DIRECT_OBJC_ISA_USAGE = YES_ERROR;
				CLANG_WARN_DOCUMENTATION_COMMENTS = YES;
				CLANG_WARN_EMPTY_BODY = YES;
				CLANG_WARN_ENUM_CONVERSION = YES;
				CLANG_WARN_INFINITE_RECURSION = YES;
				CLANG_WARN_INT_CONVERSION = YES;
				CLANG_WARN_NON_LITERAL_NULL_CONVERSION = YES;
				CLANG_WARN_OBJC_IMPLICIT_RETAIN_SELF = YES;
				CLANG_WARN_OBJC_LITERAL_CONVERSION = YES;
				CLANG_WARN_OBJC_ROOT_CLASS = YES_ERROR;
				CLANG_WARN_QUOTED_INCLUDE_IN_FRAMEWORK_HEADER = YES;
				CLANG_WARN_RANGE_LOOP_ANALYSIS = YES;
				CLANG_WARN_STRICT_PROTOTYPES = YES;
				CLANG_WARN_SUSPICIOUS_MOVE = YES;
				CLANG_WARN_UNGUARDED_AVAILABILITY = YES_AGGRESSIVE;
				CLANG_WARN_UNREACHABLE_CODE = YES;
				CLANG_WARN__DUPLICATE_METHOD_MATCH = YES;
				COPY_PHASE_STRIP = NO;
				DEBUG_INFORMATION_FORMAT = "dwarf-with-dsym";
				ENABLE_NS_ASSERTIONS = NO;
				ENABLE_STRICT_OBJC_MSGSEND = YES;
				GCC_C_LANGUAGE_STANDARD = gnu11;
				GCC_NO_COMMON_BLOCKS = YES;
				GCC_WARN_64_TO_32_BIT_CONVERSION = YES;
				GCC_WARN_ABOUT_RETURN_TYPE = YES_ERROR;
				GCC_WARN_UNDECLARED_SELECTOR = YES;
				GCC_WARN_UNINITIALIZED_AUTOS = YES_AGGRESSIVE;
				GCC_WARN_UNUSED_FUNCTION = YES;
				GCC_WARN_UNUSED_VARIABLE = YES;
				MACOSX_DEPLOYMENT_TARGET = 11.1;
				MTL_ENABLE_DEBUG_INFO = NO;
				MTL_FAST_MATH = YES;
				SDKROOT = macosx;
				SWIFT_COMPILATION_MODE = wholemodule;
				SWIFT_OPTIMIZATION_LEVEL = "-O";
			};
			name = Release;
		};
		F0E2600226CC27680075E536 /* Debug */ = {
			isa = XCBuildConfiguration;
			buildSettings = {
				CODE_SIGN_STYLE = Automatic;
				DEVELOPMENT_TEAM = 64G2X6NC95;
				ENABLE_HARDENED_RUNTIME = YES;
				PRODUCT_NAME = "$(TARGET_NAME)";
				SWIFT_VERSION = 5.0;
			};
			name = Debug;
		};
		F0E2600326CC27680075E536 /* Release */ = {
			isa = XCBuildConfiguration;
			buildSettings = {
				CODE_SIGN_STYLE = Automatic;
				DEVELOPMENT_TEAM = 64G2X6NC95;
				ENABLE_HARDENED_RUNTIME = YES;
				PRODUCT_NAME = "$(TARGET_NAME)";
				SWIFT_VERSION = 5.0;
			};
			name = Release;
		};
/* End XCBuildConfiguration section */

/* Begin XCConfigurationList section */
		F0E25FF526CC27680075E536 /* Build configuration list for PBXProject "Swift Basics" */ = {
			isa = XCConfigurationList;
			buildConfigurations = (
				F0E25FFF26CC27680075E536 /* Debug */,
				F0E2600026CC27680075E536 /* Release */,
			);
			defaultConfigurationIsVisible = 0;
			defaultConfigurationName = Release;
		};
		F0E2600126CC27680075E536 /* Build configuration list for PBXNativeTarget "Swift Basics" */ = {
			isa = XCConfigurationList;
			buildConfigurations = (
				F0E2600226CC27680075E536 /* Debug */,
				F0E2600326CC27680075E536 /* Release */,
			);
			defaultConfigurationIsVisible = 0;
			defaultConfigurationName = Release;
		};
/* End XCConfigurationList section */
	};
	rootObject = F0E25FF226CC27680075E536 /* Project object */;
}
